
Microsoft Visual Studio Solution File, Format Version 12.00
# Visual Studio Version 16
VisualStudioVersion = 16.0.31729.503
MinimumVisualStudioVersion = 10.0.40219.1
Project("{FAE04EC0-301F-11D3-BF4B-00C04F79EFBC}") = "Geolocalizacion.Android", "Geolocalizacion\Geolocalizacion.Android\Geolocalizacion.Android.csproj", "{A84AD98A-BF93-48A8-8682-8DE8122D1A25}"
EndProject
Project("{FAE04EC0-301F-11D3-BF4B-00C04F79EFBC}") = "Geolocalizacion.iOS", "Geolocalizacion\Geolocalizacion.iOS\Geolocalizacion.iOS.csproj", "{B352FEF3-B63A-4F4A-B0B7-FFDCD0C7C3F4}"
EndProject
Project("{FAE04EC0-301F-11D3-BF4B-00C04F79EFBC}") = "Geolocalizacion", "Geolocalizacion\Geolocalizacion\Geolocalizacion.csproj", "{D9769B59-38D0-468D-88DE-8032394F493A}"
EndProject
Global
	GlobalSection(SolutionConfigurationPlatforms) = preSolution
		Debug|Any CPU = Debug|Any CPU
		Debug|iPhone = Debug|iPhone
		Debug|iPhoneSimulator = Debug|iPhoneSimulator
		Release|Any CPU = Release|Any CPU
		Release|iPhone = Release|iPhone
		Release|iPhoneSimulator = Release|iPhoneSimulator
	EndGlobalSection
	GlobalSection(ProjectConfigurationPlatforms) = postSolution
		{A84AD98A-BF93-48A8-8682-8DE8122D1A25}.Debug|Any CPU.ActiveCfg = Debug|Any CPU
		{A84AD98A-BF93-48A8-8682-8DE8122D1A25}.Debug|Any CPU.Build.0 = Debug|Any CPU
		{A84AD98A-BF93-48A8-8682-8DE8122D1A25}.Debug|Any CPU.Deploy.0 = Debug|Any CPU
		{A84AD98A-BF93-48A8-8682-8DE8122D1A25}.Debug|iPhone.ActiveCfg = Debug|Any CPU
		{A84AD98A-BF93-48A8-8682-8DE8122D1A25}.Debug|iPhone.Build.0 = Debug|Any CPU
		{A84AD98A-BF93-48A8-8682-8DE8122D1A25}.Debug|iPhone.Deploy.0 = Debug|Any CPU
		{A84AD98A-BF93-48A8-8682-8DE8122D1A25}.Debug|iPhoneSimulator.ActiveCfg = Debug|Any CPU
		{A84AD98A-BF93-48A8-8682-8DE8122D1A25}.Debug|iPhoneSimulator.Build.0 = Debug|Any CPU
		{A84AD98A-BF93-48A8-8682-8DE8122D1A25}.Debug|iPhoneSimulator.Deploy.0 = Debug|Any CPU
		{A84AD98A-BF93-48A8-8682-8DE8122D1A25}.Release|Any CPU.ActiveCfg = Release|Any CPU
		{A84AD98A-BF93-48A8-8682-8DE8122D1A25}.Release|Any CPU.Build.0 = Release|Any CPU
		{A84AD98A-BF93-48A8-8682-8DE8122D1A25}.Release|Any CPU.Deploy.0 = Release|Any CPU
		{A84AD98A-BF93-48A8-8682-8DE8122D1A25}.Release|iPhone.ActiveCfg = Release|Any CPU
		{A84AD98A-BF93-48A8-8682-8DE8122D1A25}.Release|iPhone.Build.0 = Release|Any CPU
		{A84AD98A-BF93-48A8-8682-8DE8122D1A25}.Release|iPhone.Deploy.0 = Release|Any CPU
		{A84AD98A-BF93-48A8-8682-8DE8122D1A25}.Release|iPhoneSimulator.ActiveCfg = Release|Any CPU
		{A84AD98A-BF93-48A8-8682-8DE8122D1A25}.Release|iPhoneSimulator.Build.0 = Release|Any CPU
		{A84AD98A-BF93-48A8-8682-8DE8122D1A25}.Release|iPhoneSimulator.Deploy.0 = Release|Any CPU
		{B352FEF3-B63A-4F4A-B0B7-FFDCD0C7C3F4}.Debug|Any CPU.ActiveCfg = Debug|iPhone
		{B352FEF3-B63A-4F4A-B0B7-FFDCD0C7C3F4}.Debug|Any CPU.Build.0 = Debug|iPhone
		{B352FEF3-B63A-4F4A-B0B7-FFDCD0C7C3F4}.Debug|Any CPU.Deploy.0 = Debug|iPhone
		{B352FEF3-B63A-4F4A-B0B7-FFDCD0C7C3F4}.Debug|iPhone.ActiveCfg = Debug|iPhone
		{B352FEF3-B63A-4F4A-B0B7-FFDCD0C7C3F4}.Debug|iPhone.Build.0 = Debug|iPhone
		{B352FEF3-B63A-4F4A-B0B7-FFDCD0C7C3F4}.Debug|iPhone.Deploy.0 = Debug|iPhone
		{B352FEF3-B63A-4F4A-B0B7-FFDCD0C7C3F4}.Debug|iPhoneSimulator.ActiveCfg = Debug|iPhoneSimulator
		{B352FEF3-B63A-4F4A-B0B7-FFDCD0C7C3F4}.Debug|iPhoneSimulator.Build.0 = Debug|iPhoneSimulator
		{B352FEF3-B63A-4F4A-B0B7-FFDCD0C7C3F4}.Debug|iPhoneSimulator.Deploy.0 = Debug|iPhoneSimulator
		{B352FEF3-B63A-4F4A-B0B7-FFDCD0C7C3F4}.Release|Any CPU.ActiveCfg = Release|iPhoneSimulator
		{B352FEF3-B63A-4F4A-B0B7-FFDCD0C7C3F4}.Release|Any CPU.Build.0 = Release|iPhoneSimulator
		{B352FEF3-B63A-4F4A-B0B7-FFDCD0C7C3F4}.Release|Any CPU.Deploy.0 = Release|iPhoneSimulator
		{B352FEF3-B63A-4F4A-B0B7-FFDCD0C7C3F4}.Release|iPhone.ActiveCfg = Release|iPhone
		{B352FEF3-B63A-4F4A-B0B7-FFDCD0C7C3F4}.Release|iPhone.Build.0 = Release|iPhone
		{B352FEF3-B63A-4F4A-B0B7-FFDCD0C7C3F4}.Release|iPhone.Deploy.0 = Release|iPhone
		{B352FEF3-B63A-4F4A-B0B7-FFDCD0C7C3F4}.Release|iPhoneSimulator.ActiveCfg = Release|iPhoneSimulator
		{B352FEF3-B63A-4F4A-B0B7-FFDCD0C7C3F4}.Release|iPhoneSimulator.Build.0 = Release|iPhoneSimulator
		{B352FEF3-B63A-4F4A-B0B7-FFDCD0C7C3F4}.Release|iPhoneSimulator.Deploy.0 = Release|iPhoneSimulator
		{D9769B59-38D0-468D-88DE-8032394F493A}.Debug|Any CPU.ActiveCfg = Debug|Any CPU
		{D9769B59-38D0-468D-88DE-8032394F493A}.Debug|Any CPU.Build.0 = Debug|Any CPU
		{D9769B59-38D0-468D-88DE-8032394F493A}.Debug|Any CPU.Deploy.0 = Debug|Any CPU
		{D9769B59-38D0-468D-88DE-8032394F493A}.Debug|iPhone.ActiveCfg = Debug|Any CPU
		{D9769B59-38D0-468D-88DE-8032394F493A}.Debug|iPhone.Build.0 = Debug|Any CPU
		{D9769B59-38D0-468D-88DE-8032394F493A}.Debug|iPhone.Deploy.0 = Debug|Any CPU
		{D9769B59-38D0-468D-88DE-8032394F493A}.Debug|iPhoneSimulator.ActiveCfg = Debug|Any CPU
		{D9769B59-38D0-468D-88DE-8032394F493A}.Debug|iPhoneSimulator.Build.0 = Debug|Any CPU
		{D9769B59-38D0-468D-88DE-8032394F493A}.Debug|iPhoneSimulator.Deploy.0 = Debug|Any CPU
		{D9769B59-38D0-468D-88DE-8032394F493A}.Release|Any CPU.ActiveCfg = Release|Any CPU
		{D9769B59-38D0-468D-88DE-8032394F493A}.Release|Any CPU.Build.0 = Release|Any CPU
		{D9769B59-38D0-468D-88DE-8032394F493A}.Release|Any CPU.Deploy.0 = Release|Any CPU
		{D9769B59-38D0-468D-88DE-8032394F493A}.Release|iPhone.ActiveCfg = Release|Any CPU
		{D9769B59-38D0-468D-88DE-8032394F493A}.Release|iPhone.Build.0 = Release|Any CPU
		{D9769B59-38D0-468D-88DE-8032394F493A}.Release|iPhone.Deploy.0 = Release|Any CPU
		{D9769B59-38D0-468D-88DE-8032394F493A}.Release|iPhoneSimulator.ActiveCfg = Release|Any CPU
		{D9769B59-38D0-468D-88DE-8032394F493A}.Release|iPhoneSimulator.Build.0 = Release|Any CPU
		{D9769B59-38D0-468D-88DE-8032394F493A}.Release|iPhoneSimulator.Deploy.0 = Release|Any CPU
	EndGlobalSection
	GlobalSection(SolutionProperties) = preSolution
		HideSolutionNode = FALSE
	EndGlobalSection
	GlobalSection(ExtensibilityGlobals) = postSolution
		SolutionGuid = {40BC6D48-B8C5-4ED7-8A8C-2C8B6CCE4CF5}
	EndGlobalSection
EndGlobal
